
Microsoft Visual Studio Solution File, Format Version 12.00
# Visual Studio Version 17
VisualStudioVersion = 17.3.32811.315
MinimumVisualStudioVersion = 10.0.40219.1
Project("{9A19103F-16F7-4668-BE54-9A1E7A4F7556}") = "ejercicio1", "ejercicio1\ejercicio1.csproj", "{A006A893-7297-4E0D-881A-EFDE2BB48A43}"
EndProject
Project("{FAE04EC0-301F-11D3-BF4B-00C04F79EFBC}") = "ejercicio 2", "ejercicio 2\ejercicio 2.csproj", "{3BD0FEA0-FAD3-4BAC-8DFD-42EF0A8FBD1C}"
EndProject
Project("{FAE04EC0-301F-11D3-BF4B-00C04F79EFBC}") = "ejercicio3", "ejercicio3\ejercicio3.csproj", "{A6AB7FB1-B09F-4F26-A11F-3552B9C611B4}"
EndProject
Project("{FAE04EC0-301F-11D3-BF4B-00C04F79EFBC}") = "ejercicio4", "ejercicio4\ejercicio4.csproj", "{A0E1F6B2-A5C4-49A0-8EE5-382AEBB82B91}"
EndProject
Global
	GlobalSection(SolutionConfigurationPlatforms) = preSolution
		Debug|Any CPU = Debug|Any CPU
		Release|Any CPU = Release|Any CPU
	EndGlobalSection
	GlobalSection(ProjectConfigurationPlatforms) = postSolution
		{A006A893-7297-4E0D-881A-EFDE2BB48A43}.Debug|Any CPU.ActiveCfg = Debug|Any CPU
		{A006A893-7297-4E0D-881A-EFDE2BB48A43}.Debug|Any CPU.Build.0 = Debug|Any CPU
		{A006A893-7297-4E0D-881A-EFDE2BB48A43}.Release|Any CPU.ActiveCfg = Release|Any CPU
		{A006A893-7297-4E0D-881A-EFDE2BB48A43}.Release|Any CPU.Build.0 = Release|Any CPU
		{3BD0FEA0-FAD3-4BAC-8DFD-42EF0A8FBD1C}.Debug|Any CPU.ActiveCfg = Debug|Any CPU
		{3BD0FEA0-FAD3-4BAC-8DFD-42EF0A8FBD1C}.Debug|Any CPU.Build.0 = Debug|Any CPU
		{3BD0FEA0-FAD3-4BAC-8DFD-42EF0A8FBD1C}.Release|Any CPU.ActiveCfg = Release|Any CPU
		{3BD0FEA0-FAD3-4BAC-8DFD-42EF0A8FBD1C}.Release|Any CPU.Build.0 = Release|Any CPU
		{A6AB7FB1-B09F-4F26-A11F-3552B9C611B4}.Debug|Any CPU.ActiveCfg = Debug|Any CPU
		{A6AB7FB1-B09F-4F26-A11F-3552B9C611B4}.Debug|Any CPU.Build.0 = Debug|Any CPU
		{A6AB7FB1-B09F-4F26-A11F-3552B9C611B4}.Release|Any CPU.ActiveCfg = Release|Any CPU
		{A6AB7FB1-B09F-4F26-A11F-3552B9C611B4}.Release|Any CPU.Build.0 = Release|Any CPU
		{A0E1F6B2-A5C4-49A0-8EE5-382AEBB82B91}.Debug|Any CPU.ActiveCfg = Debug|Any CPU
		{A0E1F6B2-A5C4-49A0-8EE5-382AEBB82B91}.Debug|Any CPU.Build.0 = Debug|Any CPU
		{A0E1F6B2-A5C4-49A0-8EE5-382AEBB82B91}.Release|Any CPU.ActiveCfg = Release|Any CPU
		{A0E1F6B2-A5C4-49A0-8EE5-382AEBB82B91}.Release|Any CPU.Build.0 = Release|Any CPU
	EndGlobalSection
	GlobalSection(SolutionProperties) = preSolution
		HideSolutionNode = FALSE
	EndGlobalSection
	GlobalSection(ExtensibilityGlobals) = postSolution
		SolutionGuid = {FB2BD71F-4ED3-47F1-B608-70D8E91ADADE}
	EndGlobalSection
EndGlobal
